
Microsoft Visual Studio Solution File, Format Version 12.00
# Visual Studio Version 17
VisualStudioVersion = 17.14.36915.13
MinimumVisualStudioVersion = 10.0.40219.1
Project("{FAE04EC0-301F-11D3-BF4B-00C04F79EFBC}") = "Data", "Data\Data.csproj", "{382452E2-BC94-46C5-98DE-F8E3C321705C}"
EndProject
Project("{FAE04EC0-301F-11D3-BF4B-00C04F79EFBC}") = "Core", "Core\Core.csproj", "{A94534E3-1B55-4894-8723-F8E25C1934B3}"
EndProject
Project("{FAE04EC0-301F-11D3-BF4B-00C04F79EFBC}") = "Utils", "Utils\Utils.csproj", "{7D31359E-4853-400A-9591-BAD819CF0A4C}"
EndProject
Global
	GlobalSection(SolutionConfigurationPlatforms) = preSolution
		Debug|Any CPU = Debug|Any CPU
		Release|Any CPU = Release|Any CPU
	EndGlobalSection
	GlobalSection(ProjectConfigurationPlatforms) = postSolution
		{382452E2-BC94-46C5-98DE-F8E3C321705C}.Debug|Any CPU.ActiveCfg = Debug|Any CPU
		{382452E2-BC94-46C5-98DE-F8E3C321705C}.Debug|Any CPU.Build.0 = Debug|Any CPU
		{382452E2-BC94-46C5-98DE-F8E3C321705C}.Release|Any CPU.ActiveCfg = Release|Any CPU
		{382452E2-BC94-46C5-98DE-F8E3C321705C}.Release|Any CPU.Build.0 = Release|Any CPU
		{A94534E3-1B55-4894-8723-F8E25C1934B3}.Debug|Any CPU.ActiveCfg = Debug|Any CPU
		{A94534E3-1B55-4894-8723-F8E25C1934B3}.Debug|Any CPU.Build.0 = Debug|Any CPU
		{A94534E3-1B55-4894-8723-F8E25C1934B3}.Release|Any CPU.ActiveCfg = Release|Any CPU
		{A94534E3-1B55-4894-8723-F8E25C1934B3}.Release|Any CPU.Build.0 = Release|Any CPU
		{7D31359E-4853-400A-9591-BAD819CF0A4C}.Debug|Any CPU.ActiveCfg = Debug|Any CPU
		{7D31359E-4853-400A-9591-BAD819CF0A4C}.Debug|Any CPU.Build.0 = Debug|Any CPU
		{7D31359E-4853-400A-9591-BAD819CF0A4C}.Release|Any CPU.ActiveCfg = Release|Any CPU
		{7D31359E-4853-400A-9591-BAD819CF0A4C}.Release|Any CPU.Build.0 = Release|Any CPU
	EndGlobalSection
	GlobalSection(SolutionProperties) = preSolution
		HideSolutionNode = FALSE
	EndGlobalSection
	GlobalSection(ExtensibilityGlobals) = postSolution
		SolutionGuid = {067C7A84-2CDE-4815-B169-6235BECF6090}
	EndGlobalSection
EndGlobal
